{
  "nodes": {
    "home-manager": {
      "inputs": {
        "nixpkgs": [
          "nixpkgs"
        ]
      },
      "locked": {
        "lastModified": 1787379775,
        "narHash": "sha256-XL2qfqmocfsvuEGyomZg4nOZfkuSe8vZtrOX99I+b6I=",
        "owner": "nix-community",
        "repo": "home-manager",
        "rev": "ec1a8fdf74ed3f276148ee106299a2ba0e65d51f",
        "type": "github"
      },
      "original": {
        "owner": "nix-community",
        "ref": "master",
        "repo": "home-manager",
        "type": "github"
      }
    },
    "nixpkgs": {
      "locked": {
        "lastModified": 1787360063,
        "narHash": "sha256-dt4WdcvsA8/RCe+VZZwqU0X+XMM3wBbGCWA0/sFWzGo=",
        "owner": "NixOS",
        "repo": "nixpkgs",
        "rev": "2c423e03bbafcff28bfadc6781a4a8257f205cb5",
        "type": "github"
      },
      "original": {
        "owner": "NixOS",
        "ref": "nixos-unstable",
        "repo": "nixpkgs",
        "type": "github"
      }
    },
    "river-next": {
      "flake": false,
      "locked": {
        "lastModified": 1786863436,
        "narHash": "sha256-Xu6qBiYiF2lUhfiGspyb6+KlRHSPqy66UdjmfEVJ978=",
        "owner": "dmkhitaryan",
        "repo": "river-next-nix-module",
        "rev": "51258acb08e6e01c3157edebd66981ec4ce62ab8",
        "type": "github"
      },
      "original": {
        "owner": "dmkhitaryan",
        "repo": "river-next-nix-module",
        "type": "github"
      }
    },
    "root": {
      "inputs": {
        "home-manager": "home-manager",
        "nixpkgs": "nixpkgs",
        "river-next": "river-next"
      }
    }
  },
  "root": "root",
  "version": 7
}
